// !$*UTF8*$!
{
	archiveVersion = 1;
	classes = {
	};
	objectVersion = 46;
	objects = {

/* Begin PBXBuildFile section */
		E37B2D461C359C53002CF5E0 /* AppDelegate.swift in Sources */ = {isa = PBXBuildFile; fileRef = E37B2D451C359C53002CF5E0 /* AppDelegate.swift */; };
		E37B2D481C359C53002CF5E0 /* ViewController.swift in Sources */ = {isa = PBXBuildFile; fileRef = E37B2D471C359C53002CF5E0 /* ViewController.swift */; };
		E37B2D4B1C359C53002CF5E0 /* Main.storyboard in Resources */ = {isa = PBXBuildFile; fileRef = E37B2D491C359C53002CF5E0 /* Main.storyboard */; };
		E37B2D4D1C359C53002CF5E0 /* Assets.xcassets in Resources */ = {isa = PBXBuildFile; fileRef = E37B2D4C1C359C53002CF5E0 /* Assets.xcassets */; };
		E37B2D501C359C53002CF5E0 /* LaunchScreen.storyboard in Resources */ = {isa = PBXBuildFile; fileRef = E37B2D4E1C359C53002CF5E0 /* LaunchScreen.storyboard */; };
		E37B2D5B1C359C53002CF5E0 /* TipsterTests.swift in Sources */ = {isa = PBXBuildFile; fileRef = E37B2D5A1C359C53002CF5E0 /* TipsterTests.swift */; };
		E37B2D661C35BB2B002CF5E0 /* SettingsViewController.swift in Sources */ = {isa = PBXBuildFile; fileRef = E37B2D651C35BB2B002CF5E0 /* SettingsViewController.swift */; };
/* End PBXBuildFile section */

/* Begin PBXContainerItemProxy section */
		E37B2D571C359C53002CF5E0 /* PBXContainerItemProxy */ = {
			isa = PBXContainerItemProxy;
			containerPortal = E37B2D3A1C359C53002CF5E0 /* Project object */;
			proxyType = 1;
			remoteGlobalIDString = E37B2D411C359C53002CF5E0;
			remoteInfo = Tipster;
		};
/* End PBXContainerItemProxy section */

/* Begin PBXFileReference section */
		E37B2D421C359C53002CF5E0 /* Tipster.app */ = {isa = PBXFileReference; explicitFileType = wrapper.application; includeInIndex = 0; path = Tipster.app; sourceTree = BUILT_PRODUCTS_DIR; };
		E37B2D451C359C53002CF5E0 /* AppDelegate.swift */ = {isa = PBXFileReference; lastKnownFileType = sourcecode.swift; path = AppDelegate.swift; sourceTree = "<group>"; };
		E37B2D471C359C53002CF5E0 /* ViewController.swift */ = {isa = PBXFileReference; lastKnownFileType = sourcecode.swift; path = ViewController.swift; sourceTree = "<group>"; };
		E37B2D4A1C359C53002CF5E0 /* Base */ = {isa = PBXFileReference; lastKnownFileType = file.storyboard; name = Base; path = Base.lproj/Main.storyboard; sourceTree = "<group>"; };
		E37B2D4C1C359C53002CF5E0 /* Assets.xcassets */ = {isa = PBXFileReference; lastKnownFileType = folder.assetcatalog; path = Assets.xcassets; sourceTree = "<group>"; };
		E37B2D4F1C359C53002CF5E0 /* Base */ = {isa = PBXFileReference; lastKnownFileType = file.storyboard; name = Base; path = Base.lproj/LaunchScreen.storyboard; sourceTree = "<group>"; };
		E37B2D511C359C53002CF5E0 /* Info.plist */ = {isa = PBXFileReference; lastKnownFileType = text.plist.xml; path = Info.plist; sourceTree = "<group>"; };
		E37B2D561C359C53002CF5E0 /* TipsterTests.xctest */ = {isa = PBXFileReference; explicitFileType = wrapper.cfbundle; includeInIndex = 0; path = TipsterTests.xctest; sourceTree = BUILT_PRODUCTS_DIR; };
		E37B2D5A1C359C53002CF5E0 /* TipsterTests.swift */ = {isa = PBXFileReference; lastKnownFileType = sourcecode.swift; path = TipsterTests.swift; sourceTree = "<group>"; };
		E37B2D5C1C359C53002CF5E0 /* Info.plist */ = {isa = PBXFileReference; lastKnownFileType = text.plist.xml; path = Info.plist; sourceTree = "<group>"; };
		E37B2D651C35BB2B002CF5E0 /* SettingsViewController.swift */ = {isa = PBXFileReference; fileEncoding = 4; lastKnownFileType = sourcecode.swift; path = SettingsViewController.swift; sourceTree = "<group>"; };
/* End PBXFileReference section */

/* Begin PBXFrameworksBuildPhase section */
		E37B2D3F1C359C53002CF5E0 /* Frameworks */ = {
			isa = PBXFrameworksBuildPhase;
			buildActionMask = 2147483647;
			files = (
			);
			runOnlyForDeploymentPostprocessing = 0;
		};
		E37B2D531C359C53002CF5E0 /* Frameworks */ = {
			isa = PBXFrameworksBuildPhase;
			buildActionMask = 2147483647;
			files = (
			);
			runOnlyForDeploymentPostprocessing = 0;
		};
/* End PBXFrameworksBuildPhase section */

/* Begin PBXGroup section */
		E37B2D391C359C53002CF5E0 = {
			isa = PBXGroup;
			children = (
				E37B2D441C359C53002CF5E0 /* Tipster */,
				E37B2D591C359C53002CF5E0 /* TipsterTests */,
				E37B2D431C359C53002CF5E0 /* Products */,
			);
			sourceTree = "<group>";
		};
		E37B2D431C359C53002CF5E0 /* Products */ = {
			isa = PBXGroup;
			children = (
				E37B2D421C359C53002CF5E0 /* Tipster.app */,
				E37B2D561C359C53002CF5E0 /* TipsterTests.xctest */,
			);
			name = Products;
			sourceTree = "<group>";
		};
		E37B2D441C359C53002CF5E0 /* Tipster */ = {
			isa = PBXGroup;
			children = (
				E37B2D451C359C53002CF5E0 /* AppDelegate.swift */,
				E37B2D471C359C53002CF5E0 /* ViewController.swift */,
				E37B2D491C359C53002CF5E0 /* Main.storyboard */,
				E37B2D651C35BB2B002CF5E0 /* SettingsViewController.swift */,
				E37B2D4C1C359C53002CF5E0 /* Assets.xcassets */,
				E37B2D4E1C359C53002CF5E0 /* LaunchScreen.storyboard */,
				E37B2D511C359C53002CF5E0 /* Info.plist */,
			);
			path = Tipster;
			sourceTree = "<group>";
		};
		E37B2D591C359C53002CF5E0 /* TipsterTests */ = {
			isa = PBXGroup;
			children = (
				E37B2D5A1C359C53002CF5E0 /* TipsterTests.swift */,
				E37B2D5C1C359C53002CF5E0 /* Info.plist */,
			);
			path = TipsterTests;
			sourceTree = "<group>";
		};
/* End PBXGroup section */

/* Begin PBXNativeTarget section */
		E37B2D411C359C53002CF5E0 /* Tipster */ = {
			isa = PBXNativeTarget;
			buildConfigurationList = E37B2D5F1C359C53002CF5E0 /* Build configuration list for PBXNativeTarget "Tipster" */;
			buildPhases = (
				E37B2D3E1C359C53002CF5E0 /* Sources */,
				E37B2D3F1C359C53002CF5E0 /* Frameworks */,
				E37B2D401C359C53002CF5E0 /* Resources */,
			);
			buildRules = (
			);
			dependencies = (
			);
			name = Tipster;
			productName = Tipster;
			productReference = E37B2D421C359C53002CF5E0 /* Tipster.app */;
			productType = "com.apple.product-type.application";
		};
		E37B2D551C359C53002CF5E0 /* TipsterTests */ = {
			isa = PBXNativeTarget;
			buildConfigurationList = E37B2D621C359C53002CF5E0 /* Build configuration list for PBXNativeTarget "TipsterTests" */;
			buildPhases = (
				E37B2D521C359C53002CF5E0 /* Sources */,
				E37B2D531C359C53002CF5E0 /* Frameworks */,
				E37B2D541C359C53002CF5E0 /* Resources */,
			);
			buildRules = (
			);
			dependencies = (
				E37B2D581C359C53002CF5E0 /* PBXTargetDependency */,
			);
			name = TipsterTests;
			productName = TipsterTests;
			productReference = E37B2D561C359C53002CF5E0 /* TipsterTests.xctest */;
			productType = "com.apple.product-type.bundle.unit-test";
		};
/* End PBXNativeTarget section */

/* Begin PBXProject section */
		E37B2D3A1C359C53002CF5E0 /* Project object */ = {
			isa = PBXProject;
			attributes = {
				LastSwiftUpdateCheck = 0720;
				LastUpgradeCheck = 0720;
				ORGANIZATIONNAME = lise_ho;
				TargetAttributes = {
					E37B2D411C359C53002CF5E0 = {
						CreatedOnToolsVersion = 7.2;
					};
					E37B2D551C359C53002CF5E0 = {
						CreatedOnToolsVersion = 7.2;
						TestTargetID = E37B2D411C359C53002CF5E0;
					};
				};
			};
			buildConfigurationList = E37B2D3D1C359C53002CF5E0 /* Build configuration list for PBXProject "Tipster" */;
			compatibilityVersion = "Xcode 3.2";
			developmentRegion = English;
			hasScannedForEncodings = 0;
			knownRegions = (
				en,
				Base,
			);
			mainGroup = E37B2D391C359C53002CF5E0;
			productRefGroup = E37B2D431C359C53002CF5E0 /* Products */;
			projectDirPath = "";
			projectRoot = "";
			targets = (
				E37B2D411C359C53002CF5E0 /* Tipster */,
				E37B2D551C359C53002CF5E0 /* TipsterTests */,
			);
		};
/* End PBXProject section */

/* Begin PBXResourcesBuildPhase section */
		E37B2D401C359C53002CF5E0 /* Resources */ = {
			isa = PBXResourcesBuildPhase;
			buildActionMask = 2147483647;
			files = (
				E37B2D501C359C53002CF5E0 /* LaunchScreen.storyboard in Resources */,
				E37B2D4D1C359C53002CF5E0 /* Assets.xcassets in Resources */,
				E37B2D4B1C359C53002CF5E0 /* Main.storyboard in Resources */,
			);
			runOnlyForDeploymentPostprocessing = 0;
		};
		E37B2D541C359C53002CF5E0 /* Resources */ = {
			isa = PBXResourcesBuildPhase;
			buildActionMask = 2147483647;
			files = (
			);
			runOnlyForDeploymentPostprocessing = 0;
		};
/* End PBXResourcesBuildPhase section */

/* Begin PBXSourcesBuildPhase section */
		E37B2D3E1C359C53002CF5E0 /* Sources */ = {
			isa = PBXSourcesBuildPhase;
			buildActionMask = 2147483647;
			files = (
				E37B2D481C359C53002CF5E0 /* ViewController.swift in Sources */,
				E37B2D461C359C53002CF5E0 /* AppDelegate.swift in Sources */,
				E37B2D661C35BB2B002CF5E0 /* SettingsViewController.swift in Sources */,
			);
			runOnlyForDeploymentPostprocessing = 0;
		};
		E37B2D521C359C53002CF5E0 /* Sources */ = {
			isa = PBXSourcesBuildPhase;
			buildActionMask = 2147483647;
			files = (
				E37B2D5B1C359C53002CF5E0 /* TipsterTests.swift in Sources */,
			);
			runOnlyForDeploymentPostprocessing = 0;
		};
/* End PBXSourcesBuildPhase section */

/* Begin PBXTargetDependency section */
		E37B2D581C359C53002CF5E0 /* PBXTargetDependency */ = {
			isa = PBXTargetDependency;
			target = E37B2D411C359C53002CF5E0 /* Tipster */;
			targetProxy = E37B2D571C359C53002CF5E0 /* PBXContainerItemProxy */;
		};
/* End PBXTargetDependency section */

/* Begin PBXVariantGroup section */
		E37B2D491C359C53002CF5E0 /* Main.storyboard */ = {
			isa = PBXVariantGroup;
			children = (
				E37B2D4A1C359C53002CF5E0 /* Base */,
			);
			name = Main.storyboard;
			sourceTree = "<group>";
		};
		E37B2D4E1C359C53002CF5E0 /* LaunchScreen.storyboard */ = {
			isa = PBXVariantGroup;
			children = (
				E37B2D4F1C359C53002CF5E0 /* Base */,
			);
			name = LaunchScreen.storyboard;
			sourceTree = "<group>";
		};
/* End PBXVariantGroup section */

/* Begin XCBuildConfiguration section */
		E37B2D5D1C359C53002CF5E0 /* Debug */ = {
			isa = XCBuildConfiguration;
			buildSettings = {
				ALWAYS_SEARCH_USER_PATHS = NO;
				CLANG_CXX_LANGUAGE_STANDARD = "gnu++0x";
				CLANG_CXX_LIBRARY = "libc++";
				CLANG_ENABLE_MODULES = YES;
				CLANG_ENABLE_OBJC_ARC = YES;
				CLANG_WARN_BOOL_CONVERSION = YES;
				CLANG_WARN_CONSTANT_CONVERSION = YES;
				CLANG_WARN_DIRECT_OBJC_ISA_USAGE = YES_ERROR;
				CLANG_WARN_EMPTY_BODY = YES;
				CLANG_WARN_ENUM_CONVERSION = YES;
				CLANG_WARN_INT_CONVERSION = YES;
				CLANG_WARN_OBJC_ROOT_CLASS = YES_ERROR;
				CLANG_WARN_UNREACHABLE_CODE = YES;
				CLANG_WARN__DUPLICATE_METHOD_MATCH = YES;
				"CODE_SIGN_IDENTITY[sdk=iphoneos*]" = "iPhone Developer";
				COPY_PHASE_STRIP = NO;
				DEBUG_INFORMATION_FORMAT = dwarf;
				ENABLE_STRICT_OBJC_MSGSEND = YES;
				ENABLE_TESTABILITY = YES;
				GCC_C_LANGUAGE_STANDARD = gnu99;
				GCC_DYNAMIC_NO_PIC = NO;
				GCC_NO_COMMON_BLOCKS = YES;
				GCC_OPTIMIZATION_LEVEL = 0;
				GCC_PREPROCESSOR_DEFINITIONS = (
					"DEBUG=1",
					"$(inherited)",
				);
				GCC_WARN_64_TO_32_BIT_CONVERSION = YES;
				GCC_WARN_ABOUT_RETURN_TYPE = YES_ERROR;
				GCC_WARN_UNDECLARED_SELECTOR = YES;
				GCC_WARN_UNINITIALIZED_AUTOS = YES_AGGRESSIVE;
				GCC_WARN_UNUSED_FUNCTION = YES;
				GCC_WARN_UNUSED_VARIABLE = YES;
				IPHONEOS_DEPLOYMENT_TARGET = 9.2;
				MTL_ENABLE_DEBUG_INFO = YES;
				ONLY_ACTIVE_ARCH = YES;
				SDKROOT = iphoneos;
				SWIFT_OPTIMIZATION_LEVEL = "-Onone";
			};
			name = Debug;
		};
		E37B2D5E1C359C53002CF5E0 /* Release */ = {
			isa = XCBuildConfiguration;
			buildSettings = {
				ALWAYS_SEARCH_USER_PATHS = NO;
				CLANG_CXX_LANGUAGE_STANDARD = "gnu++0x";
				CLANG_CXX_LIBRARY = "libc++";
				CLANG_ENABLE_MODULES = YES;
				CLANG_ENABLE_OBJC_ARC = YES;
				CLANG_WARN_BOOL_CONVERSION = YES;
				CLANG_WARN_CONSTANT_CONVERSION = YES;
				CLANG_WARN_DIRECT_OBJC_ISA_USAGE = YES_ERROR;
				CLANG_WARN_EMPTY_BODY = YES;
				CLANG_WARN_ENUM_CONVERSION = YES;
				CLANG_WARN_INT_CONVERSION = YES;
				CLANG_WARN_OBJC_ROOT_CLASS = YES_ERROR;
				CLANG_WARN_UNREACHABLE_CODE = YES;
				CLANG_WARN__DUPLICATE_METHOD_MATCH = YES;
				"CODE_SIGN_IDENTITY[sdk=iphoneos*]" = "iPhone Developer";
				COPY_PHASE_STRIP = NO;
				DEBUG_INFORMATION_FORMAT = "dwarf-with-dsym";
				ENABLE_NS_ASSERTIONS = NO;
				ENABLE_STRICT_OBJC_MSGSEND = YES;
				GCC_C_LANGUAGE_STANDARD = gnu99;
				GCC_NO_COMMON_BLOCKS = YES;
				GCC_WARN_64_TO_32_BIT_CONVERSION = YES;
				GCC_WARN_ABOUT_RETURN_TYPE = YES_ERROR;
				GCC_WARN_UNDECLARED_SELECTOR = YES;
				GCC_WARN_UNINITIALIZED_AUTOS = YES_AGGRESSIVE;
				GCC_WARN_UNUSED_FUNCTION = YES;
				GCC_WARN_UNUSED_VARIABLE = YES;
				IPHONEOS_DEPLOYMENT_TARGET = 9.2;
				MTL_ENABLE_DEBUG_INFO = NO;
				SDKROOT = iphoneos;
				VALIDATE_PRODUCT = YES;
			};
			name = Release;
		};
		E37B2D601C359C53002CF5E0 /* Debug */ = {
			isa = XCBuildConfiguration;
			buildSettings = {
				ASSETCATALOG_COMPILER_APPICON_NAME = AppIcon;
				INFOPLIST_FILE = Tipster/Info.plist;
				IPHONEOS_DEPLOYMENT_TARGET = 9.2;
				LD_RUNPATH_SEARCH_PATHS = "$(inherited) @executable_path/Frameworks";
				PRODUCT_BUNDLE_IDENTIFIER = "com.lise-ho.Tipster";
				PRODUCT_NAME = "$(TARGET_NAME)";
			};
			name = Debug;
		};
		E37B2D611C359C53002CF5E0 /* Release */ = {
			isa = XCBuildConfiguration;
			buildSettings = {
				ASSETCATALOG_COMPILER_APPICON_NAME = AppIcon;
				INFOPLIST_FILE = Tipster/Info.plist;
				IPHONEOS_DEPLOYMENT_TARGET = 9.2;
				LD_RUNPATH_SEARCH_PATHS = "$(inherited) @executable_path/Frameworks";
				PRODUCT_BUNDLE_IDENTIFIER = "com.lise-ho.Tipster";
				PRODUCT_NAME = "$(TARGET_NAME)";
			};
			name = Release;
		};
		E37B2D631C359C53002CF5E0 /* Debug */ = {
			isa = XCBuildConfiguration;
			buildSettings = {
				BUNDLE_LOADER = "$(TEST_HOST)";
				INFOPLIST_FILE = TipsterTests/Info.plist;
				LD_RUNPATH_SEARCH_PATHS = "$(inherited) @executable_path/Frameworks @loader_path/Frameworks";
				PRODUCT_BUNDLE_IDENTIFIER = "com.lise-ho.TipsterTests";
				PRODUCT_NAME = "$(TARGET_NAME)";
				TEST_HOST = "$(BUILT_PRODUCTS_DIR)/Tipster.app/Tipster";
			};
			name = Debug;
		};
		E37B2D641C359C53002CF5E0 /* Release */ = {
			isa = XCBuildConfiguration;
			buildSettings = {
				BUNDLE_LOADER = "$(TEST_HOST)";
				INFOPLIST_FILE = TipsterTests/Info.plist;
				LD_RUNPATH_SEARCH_PATHS = "$(inherited) @executable_path/Frameworks @loader_path/Frameworks";
				PRODUCT_BUNDLE_IDENTIFIER = "com.lise-ho.TipsterTests";
				PRODUCT_NAME = "$(TARGET_NAME)";
				TEST_HOST = "$(BUILT_PRODUCTS_DIR)/Tipster.app/Tipster";
			};
			name = Release;
		};
/* End XCBuildConfiguration section */

/* Begin XCConfigurationList section */
		E37B2D3D1C359C53002CF5E0 /* Build configuration list for PBXProject "Tipster" */ = {
			isa = XCConfigurationList;
			buildConfigurations = (
				E37B2D5D1C359C53002CF5E0 /* Debug */,
				E37B2D5E1C359C53002CF5E0 /* Release */,
			);
			defaultConfigurationIsVisible = 0;
			defaultConfigurationName = Release;
		};
		E37B2D5F1C359C53002CF5E0 /* Build configuration list for PBXNativeTarget "Tipster" */ = {
			isa = XCConfigurationList;
			buildConfigurations = (
				E37B2D601C359C53002CF5E0 /* Debug */,
				E37B2D611C359C53002CF5E0 /* Release */,
			);
			defaultConfigurationIsVisible = 0;
			defaultConfigurationName = Release;
		};
		E37B2D621C359C53002CF5E0 /* Build configuration list for PBXNativeTarget "TipsterTests" */ = {
			isa = XCConfigurationList;
			buildConfigurations = (
				E37B2D631C359C53002CF5E0 /* Debug */,
				E37B2D641C359C53002CF5E0 /* Release */,
			);
			defaultConfigurationIsVisible = 0;
			defaultConfigurationName = Release;
		};
/* End XCConfigurationList section */
	};
	rootObject = E37B2D3A1C359C53002CF5E0 /* Project object */;
}
